
Microsoft Visual Studio Solution File, Format Version 12.00
# Visual Studio 2012
Project("{FAE04EC0-301F-11D3-BF4B-00C04F79EFBC}") = "EposRetailClient", "EposRetailClient\EposRetailClient.csproj", "{B3C20C9C-6D2D-45D9-B97F-250754DFC4E3}"
EndProject
Global
	GlobalSection(SolutionConfigurationPlatforms) = preSolution
		Debug|Any CPU = Debug|Any CPU
		Release|Any CPU = Release|Any CPU
	EndGlobalSection
	GlobalSection(ProjectConfigurationPlatforms) = postSolution
		{B3C20C9C-6D2D-45D9-B97F-250754DFC4E3}.Debug|Any CPU.ActiveCfg = Debug|Any CPU
		{B3C20C9C-6D2D-45D9-B97F-250754DFC4E3}.Debug|Any CPU.Build.0 = Debug|Any CPU
		{B3C20C9C-6D2D-45D9-B97F-250754DFC4E3}.Release|Any CPU.ActiveCfg = Release|Any CPU
		{B3C20C9C-6D2D-45D9-B97F-250754DFC4E3}.Release|Any CPU.Build.0 = Release|Any CPU
	EndGlobalSection
	GlobalSection(SolutionProperties) = preSolution
		HideSolutionNode = FALSE
	EndGlobalSection
EndGlobal
